
Microsoft Visual Studio Solution File, Format Version 12.00
# Visual Studio Version 16
VisualStudioVersion = 16.0.30621.155
MinimumVisualStudioVersion = 10.0.40219.1
Project("{9092AA53-FB77-4645-B42D-1CCCA6BD08BD}") = "NodejsWebApp1", "NodejsWebApp1.njsproj", "{34060763-ACE3-4411-97A0-EEE9EF69FA2C}"
EndProject
Global
	GlobalSection(SolutionConfigurationPlatforms) = preSolution
		Debug|Any CPU = Debug|Any CPU
		Release|Any CPU = Release|Any CPU
	EndGlobalSection
	GlobalSection(ProjectConfigurationPlatforms) = postSolution
		{34060763-ACE3-4411-97A0-EEE9EF69FA2C}.Debug|Any CPU.ActiveCfg = Debug|Any CPU
		{34060763-ACE3-4411-97A0-EEE9EF69FA2C}.Debug|Any CPU.Build.0 = Debug|Any CPU
		{34060763-ACE3-4411-97A0-EEE9EF69FA2C}.Release|Any CPU.ActiveCfg = Release|Any CPU
		{34060763-ACE3-4411-97A0-EEE9EF69FA2C}.Release|Any CPU.Build.0 = Release|Any CPU
	EndGlobalSection
	GlobalSection(SolutionProperties) = preSolution
		HideSolutionNode = FALSE
	EndGlobalSection
	GlobalSection(ExtensibilityGlobals) = postSolution
		SolutionGuid = {28F57F5D-6B49-4CC0-8AB7-5B6587B46D93}
	EndGlobalSection
EndGlobal
